// !$*UTF8*$!
{
	archiveVersion = 1;
	classes = {
	};
	objectVersion = 46;
	objects = {

/* Begin PBXBuildFile section */
		0028C3EF19BC6CD200DBD230 /* Yop.m in Sources */ = {isa = PBXBuildFile; fileRef = 0028C3EE19BC6CD200DBD230 /* Yop.m */; };
		0028C3F519BC776600DBD230 /* yo.png in Resources */ = {isa = PBXBuildFile; fileRef = 0028C3F419BC776600DBD230 /* yo.png */; };
		5C93182BF5254FD8B508E08C /* libPods-NanoTodayExtension.a in Frameworks */ = {isa = PBXBuildFile; fileRef = FFF5FDB0FC454816978E1BBB /* libPods-NanoTodayExtension.a */; };
		620B23E119BC25B4004B4804 /* CreateTaskViewController.m in Sources */ = {isa = PBXBuildFile; fileRef = 620B23DF19BC25B4004B4804 /* CreateTaskViewController.m */; };
		620B23E219BC25B4004B4804 /* CreateTaskViewController.xib in Resources */ = {isa = PBXBuildFile; fileRef = 620B23E019BC25B4004B4804 /* CreateTaskViewController.xib */; };
		627FF49719C2378800984C60 /* AddressBook.framework in Frameworks */ = {isa = PBXBuildFile; fileRef = 627FF49619C2378800984C60 /* AddressBook.framework */; };
		627FF49919C2378E00984C60 /* AddressBookUI.framework in Frameworks */ = {isa = PBXBuildFile; fileRef = 627FF49819C2378E00984C60 /* AddressBookUI.framework */; };
		627FF49D19C2468A00984C60 /* ContactTaskComponentViewController.m in Sources */ = {isa = PBXBuildFile; fileRef = 627FF49B19C2468A00984C60 /* ContactTaskComponentViewController.m */; };
		627FF49E19C2468A00984C60 /* ContactTaskComponentViewController.xib in Resources */ = {isa = PBXBuildFile; fileRef = 627FF49C19C2468A00984C60 /* ContactTaskComponentViewController.xib */; };
		627FF4AA19C25F9D00984C60 /* MapOptionsTaskComponentViewController.m in Sources */ = {isa = PBXBuildFile; fileRef = 627FF4A819C25F9D00984C60 /* MapOptionsTaskComponentViewController.m */; };
		627FF4AB19C25F9D00984C60 /* MapOptionsTaskComponentViewController.xib in Resources */ = {isa = PBXBuildFile; fileRef = 627FF4A919C25F9D00984C60 /* MapOptionsTaskComponentViewController.xib */; };
		627FF4B019C262F700984C60 /* TaskViewController.m in Sources */ = {isa = PBXBuildFile; fileRef = 627FF4AE19C262F700984C60 /* TaskViewController.m */; };
		627FF4B119C262F700984C60 /* TaskViewController.xib in Resources */ = {isa = PBXBuildFile; fileRef = 627FF4AF19C262F700984C60 /* TaskViewController.xib */; };
		627FF4B319C3435C00984C60 /* Tasks.plist in Resources */ = {isa = PBXBuildFile; fileRef = 627FF4B219C3435C00984C60 /* Tasks.plist */; };
		627FF4BA19C36DD600984C60 /* MapSearchTaskComponentViewController.m in Sources */ = {isa = PBXBuildFile; fileRef = 627FF4B819C36DD600984C60 /* MapSearchTaskComponentViewController.m */; };
		627FF4BB19C36DD600984C60 /* MapSearchTaskComponentViewController.xib in Resources */ = {isa = PBXBuildFile; fileRef = 627FF4B919C36DD600984C60 /* MapSearchTaskComponentViewController.xib */; };
		627FF4BF19C4D6FC00984C60 /* TextTaskComponentViewController.m in Sources */ = {isa = PBXBuildFile; fileRef = 627FF4BD19C4D6FC00984C60 /* TextTaskComponentViewController.m */; };
		627FF4C019C4D6FC00984C60 /* TextTaskComponentViewController.xib in Resources */ = {isa = PBXBuildFile; fileRef = 627FF4BE19C4D6FC00984C60 /* TextTaskComponentViewController.xib */; };
		627FF4C419C4E5AB00984C60 /* TaskComponentViewController.m in Sources */ = {isa = PBXBuildFile; fileRef = 627FF4C319C4E5AB00984C60 /* TaskComponentViewController.m */; };
		6295D6F919BC6C0B00254B0E /* UberTaskViewController.m in Sources */ = {isa = PBXBuildFile; fileRef = 6295D6F719BC6C0B00254B0E /* UberTaskViewController.m */; };
		6295D6FA19BC6C0B00254B0E /* UberTaskViewController.xib in Resources */ = {isa = PBXBuildFile; fileRef = 6295D6F819BC6C0B00254B0E /* UberTaskViewController.xib */; };
		6295D70319BC705300254B0E /* VenmoTaskViewController.m in Sources */ = {isa = PBXBuildFile; fileRef = 6295D70119BC705300254B0E /* VenmoTaskViewController.m */; };
		6295D70419BC705300254B0E /* VenmoTaskViewController.xib in Resources */ = {isa = PBXBuildFile; fileRef = 6295D70219BC705300254B0E /* VenmoTaskViewController.xib */; };
		6295D70919BC718C00254B0E /* YelpTaskViewController.m in Sources */ = {isa = PBXBuildFile; fileRef = 6295D70719BC718C00254B0E /* YelpTaskViewController.m */; };
		6295D70A19BC718C00254B0E /* YelpTaskViewController.xib in Resources */ = {isa = PBXBuildFile; fileRef = 6295D70819BC718C00254B0E /* YelpTaskViewController.xib */; };
		6295D70F19BC727500254B0E /* IMessageTaskViewController.m in Sources */ = {isa = PBXBuildFile; fileRef = 6295D70D19BC727500254B0E /* IMessageTaskViewController.m */; };
		6295D71019BC727500254B0E /* IMessageTaskViewController.xib in Resources */ = {isa = PBXBuildFile; fileRef = 6295D70E19BC727500254B0E /* IMessageTaskViewController.xib */; };
		62B1349419BC0258009C784F /* GoogleMapsTaskViewController.xib in Resources */ = {isa = PBXBuildFile; fileRef = 62B1349319BC0258009C784F /* GoogleMapsTaskViewController.xib */; };
		62B1349819BC0B49009C784F /* GoogleMapsTaskSearchViewController.m in Sources */ = {isa = PBXBuildFile; fileRef = 62B1349619BC0B49009C784F /* GoogleMapsTaskSearchViewController.m */; };
		62B1349919BC0B49009C784F /* GoogleMapsTaskSearchViewController.xib in Resources */ = {isa = PBXBuildFile; fileRef = 62B1349719BC0B49009C784F /* GoogleMapsTaskSearchViewController.xib */; };
		62B9263F19BBE543003A2533 /* CoreLocation.framework in Frameworks */ = {isa = PBXBuildFile; fileRef = 62B9262B19BBE3BB003A2533 /* CoreLocation.framework */; };
		62B9265419BBEB82003A2533 /* GoogleMapsTaskViewController.m in Sources */ = {isa = PBXBuildFile; fileRef = 62B9265319BBEB82003A2533 /* GoogleMapsTaskViewController.m */; };
		62C3C5DC19BC9BD800469CF9 /* RdioTaskViewController.m in Sources */ = {isa = PBXBuildFile; fileRef = 62C3C5DA19BC9BD800469CF9 /* RdioTaskViewController.m */; };
		62C3C5DD19BC9BD800469CF9 /* RdioTaskViewController.xib in Resources */ = {isa = PBXBuildFile; fileRef = 62C3C5DB19BC9BD800469CF9 /* RdioTaskViewController.xib */; };
		62C3C5E219BC9BF200469CF9 /* FBTaskViewController.m in Sources */ = {isa = PBXBuildFile; fileRef = 62C3C5E019BC9BF200469CF9 /* FBTaskViewController.m */; };
		62C3C5E319BC9BF200469CF9 /* FBTaskViewController.xib in Resources */ = {isa = PBXBuildFile; fileRef = 62C3C5E119BC9BF200469CF9 /* FBTaskViewController.xib */; };
		62C3C5E819BC9C0D00469CF9 /* YoTaskViewController.m in Sources */ = {isa = PBXBuildFile; fileRef = 62C3C5E619BC9C0D00469CF9 /* YoTaskViewController.m */; };
		62C3C5E919BC9C0D00469CF9 /* YoTaskViewController.xib in Resources */ = {isa = PBXBuildFile; fileRef = 62C3C5E719BC9C0D00469CF9 /* YoTaskViewController.xib */; };
		8567004819BBA98D007DA4BB /* main.m in Sources */ = {isa = PBXBuildFile; fileRef = 8567004719BBA98D007DA4BB /* main.m */; };
		8567004B19BBA98D007DA4BB /* AppDelegate.m in Sources */ = {isa = PBXBuildFile; fileRef = 8567004A19BBA98D007DA4BB /* AppDelegate.m */; };
		8567005319BBA98D007DA4BB /* Images.xcassets in Resources */ = {isa = PBXBuildFile; fileRef = 8567005219BBA98D007DA4BB /* Images.xcassets */; };
		8567005F19BBA991007DA4BB /* NanoTests.m in Sources */ = {isa = PBXBuildFile; fileRef = 8567005E19BBA991007DA4BB /* NanoTests.m */; };
		8567006F19BBADAB007DA4BB /* NotificationCenter.framework in Frameworks */ = {isa = PBXBuildFile; fileRef = 8567006E19BBADAB007DA4BB /* NotificationCenter.framework */; };
		8567007519BBADAB007DA4BB /* TodayViewController.m in Sources */ = {isa = PBXBuildFile; fileRef = 8567007419BBADAB007DA4BB /* TodayViewController.m */; };
		8567007719BBADAB007DA4BB /* MainInterface.storyboard in Resources */ = {isa = PBXBuildFile; fileRef = 8567007619BBADAB007DA4BB /* MainInterface.storyboard */; };
		8567007A19BBADAB007DA4BB /* NanoTodayExtension.appex in Embed App Extensions */ = {isa = PBXBuildFile; fileRef = 8567006C19BBADAB007DA4BB /* NanoTodayExtension.appex */; settings = {ATTRIBUTES = (RemoveHeadersOnCopy, ); }; };
		85E6F21519BBF8FE00C79EE0 /* Shortcut.m in Sources */ = {isa = PBXBuildFile; fileRef = 85E6F21419BBF8FE00C79EE0 /* Shortcut.m */; };
		85E6F21D19BC0E5F00C79EE0 /* fb.png in Resources */ = {isa = PBXBuildFile; fileRef = 85E6F21719BC0E5E00C79EE0 /* fb.png */; };
		85E6F21E19BC0E5F00C79EE0 /* google.png in Resources */ = {isa = PBXBuildFile; fileRef = 85E6F21819BC0E5F00C79EE0 /* google.png */; };
		85E6F21F19BC0E5F00C79EE0 /* imessage.png in Resources */ = {isa = PBXBuildFile; fileRef = 85E6F21919BC0E5F00C79EE0 /* imessage.png */; };
		85E6F22019BC0E5F00C79EE0 /* screen-mock.png in Resources */ = {isa = PBXBuildFile; fileRef = 85E6F21A19BC0E5F00C79EE0 /* screen-mock.png */; };
		85E6F22119BC0E5F00C79EE0 /* venmo.png in Resources */ = {isa = PBXBuildFile; fileRef = 85E6F21B19BC0E5F00C79EE0 /* venmo.png */; };
		85E6F22219BC0E5F00C79EE0 /* yelp.png in Resources */ = {isa = PBXBuildFile; fileRef = 85E6F21C19BC0E5F00C79EE0 /* yelp.png */; };
		85E6F22419BC274D00C79EE0 /* uber.png in Resources */ = {isa = PBXBuildFile; fileRef = 85E6F22319BC274D00C79EE0 /* uber.png */; };
		85E6F22619BC2FF800C79EE0 /* rdio.png in Resources */ = {isa = PBXBuildFile; fileRef = 85E6F22519BC2FF800C79EE0 /* rdio.png */; };
		85E6F22919BC350C00C79EE0 /* ShortcutStore.m in Sources */ = {isa = PBXBuildFile; fileRef = 85E6F22819BC350C00C79EE0 /* ShortcutStore.m */; };
		85E6F22A19BC367400C79EE0 /* Shortcut.m in Sources */ = {isa = PBXBuildFile; fileRef = 85E6F21419BBF8FE00C79EE0 /* Shortcut.m */; };
		A09294EAF2334E88AB2A6626 /* libPods-Nano.a in Frameworks */ = {isa = PBXBuildFile; fileRef = C6A46FE8E9DC47DBAFB8076A /* libPods-Nano.a */; };
/* End PBXBuildFile section */

/* Begin PBXContainerItemProxy section */
		8567005919BBA991007DA4BB /* PBXContainerItemProxy */ = {
			isa = PBXContainerItemProxy;
			containerPortal = 8567003A19BBA989007DA4BB /* Project object */;
			proxyType = 1;
			remoteGlobalIDString = 8567004119BBA98A007DA4BB;
			remoteInfo = Nano;
		};
		8567007819BBADAB007DA4BB /* PBXContainerItemProxy */ = {
			isa = PBXContainerItemProxy;
			containerPortal = 8567003A19BBA989007DA4BB /* Project object */;
			proxyType = 1;
			remoteGlobalIDString = 8567006B19BBADAB007DA4BB;
			remoteInfo = NanoTodayExtension;
		};
		8567007B19BBADAB007DA4BB /* PBXContainerItemProxy */ = {
			isa = PBXContainerItemProxy;
			containerPortal = 8567003A19BBA989007DA4BB /* Project object */;
			proxyType = 1;
			remoteGlobalIDString = 8567006B19BBADAB007DA4BB;
			remoteInfo = NanoTodayExtension;
		};
/* End PBXContainerItemProxy section */

/* Begin PBXCopyFilesBuildPhase section */
		8567008019BBADAB007DA4BB /* Embed App Extensions */ = {
			isa = PBXCopyFilesBuildPhase;
			buildActionMask = 2147483647;
			dstPath = "";
			dstSubfolderSpec = 13;
			files = (
				8567007A19BBADAB007DA4BB /* NanoTodayExtension.appex in Embed App Extensions */,
			);
			name = "Embed App Extensions";
			runOnlyForDeploymentPostprocessing = 0;
		};
/* End PBXCopyFilesBuildPhase section */

/* Begin PBXFileReference section */
		0028C3ED19BC6CB100DBD230 /* Yop.h */ = {isa = PBXFileReference; lastKnownFileType = sourcecode.c.h; path = Yop.h; sourceTree = "<group>"; };
		0028C3EE19BC6CD200DBD230 /* Yop.m */ = {isa = PBXFileReference; fileEncoding = 4; lastKnownFileType = sourcecode.c.objc; path = Yop.m; sourceTree = "<group>"; };
		0028C3F419BC776600DBD230 /* yo.png */ = {isa = PBXFileReference; lastKnownFileType = image.png; path = yo.png; sourceTree = "<group>"; };
		3D85E6916D3443EFBBC17F81 /* Pods-NanoTodayExtension.xcconfig */ = {isa = PBXFileReference; includeInIndex = 1; lastKnownFileType = text.xcconfig; name = "Pods-NanoTodayExtension.xcconfig"; path = "Pods/Pods-NanoTodayExtension.xcconfig"; sourceTree = "<group>"; };
		620B23DE19BC25B4004B4804 /* CreateTaskViewController.h */ = {isa = PBXFileReference; fileEncoding = 4; lastKnownFileType = sourcecode.c.h; path = CreateTaskViewController.h; sourceTree = "<group>"; };
		620B23DF19BC25B4004B4804 /* CreateTaskViewController.m */ = {isa = PBXFileReference; fileEncoding = 4; lastKnownFileType = sourcecode.c.objc; path = CreateTaskViewController.m; sourceTree = "<group>"; };
		620B23E019BC25B4004B4804 /* CreateTaskViewController.xib */ = {isa = PBXFileReference; fileEncoding = 4; lastKnownFileType = file.xib; path = CreateTaskViewController.xib; sourceTree = "<group>"; };
		627FF49619C2378800984C60 /* AddressBook.framework */ = {isa = PBXFileReference; lastKnownFileType = wrapper.framework; name = AddressBook.framework; path = System/Library/Frameworks/AddressBook.framework; sourceTree = SDKROOT; };
		627FF49819C2378E00984C60 /* AddressBookUI.framework */ = {isa = PBXFileReference; lastKnownFileType = wrapper.framework; name = AddressBookUI.framework; path = System/Library/Frameworks/AddressBookUI.framework; sourceTree = SDKROOT; };
		627FF49A19C2468A00984C60 /* ContactTaskComponentViewController.h */ = {isa = PBXFileReference; fileEncoding = 4; lastKnownFileType = sourcecode.c.h; path = ContactTaskComponentViewController.h; sourceTree = "<group>"; };
		627FF49B19C2468A00984C60 /* ContactTaskComponentViewController.m */ = {isa = PBXFileReference; fileEncoding = 4; lastKnownFileType = sourcecode.c.objc; path = ContactTaskComponentViewController.m; sourceTree = "<group>"; };
		627FF49C19C2468A00984C60 /* ContactTaskComponentViewController.xib */ = {isa = PBXFileReference; fileEncoding = 4; lastKnownFileType = file.xib; path = ContactTaskComponentViewController.xib; sourceTree = "<group>"; };
		627FF4A719C25F9D00984C60 /* MapOptionsTaskComponentViewController.h */ = {isa = PBXFileReference; fileEncoding = 4; lastKnownFileType = sourcecode.c.h; path = MapOptionsTaskComponentViewController.h; sourceTree = "<group>"; };
		627FF4A819C25F9D00984C60 /* MapOptionsTaskComponentViewController.m */ = {isa = PBXFileReference; fileEncoding = 4; lastKnownFileType = sourcecode.c.objc; path = MapOptionsTaskComponentViewController.m; sourceTree = "<group>"; };
		627FF4A919C25F9D00984C60 /* MapOptionsTaskComponentViewController.xib */ = {isa = PBXFileReference; fileEncoding = 4; lastKnownFileType = file.xib; path = MapOptionsTaskComponentViewController.xib; sourceTree = "<group>"; };
		627FF4AD19C262F700984C60 /* TaskViewController.h */ = {isa = PBXFileReference; fileEncoding = 4; lastKnownFileType = sourcecode.c.h; path = TaskViewController.h; sourceTree = "<group>"; };
		627FF4AE19C262F700984C60 /* TaskViewController.m */ = {isa = PBXFileReference; fileEncoding = 4; lastKnownFileType = sourcecode.c.objc; path = TaskViewController.m; sourceTree = "<group>"; };
		627FF4AF19C262F700984C60 /* TaskViewController.xib */ = {isa = PBXFileReference; fileEncoding = 4; lastKnownFileType = file.xib; path = TaskViewController.xib; sourceTree = "<group>"; };
		627FF4B219C3435C00984C60 /* Tasks.plist */ = {isa = PBXFileReference; fileEncoding = 4; lastKnownFileType = text.plist.xml; path = Tasks.plist; sourceTree = "<group>"; };
		627FF4B719C36DD600984C60 /* MapSearchTaskComponentViewController.h */ = {isa = PBXFileReference; fileEncoding = 4; lastKnownFileType = sourcecode.c.h; path = MapSearchTaskComponentViewController.h; sourceTree = "<group>"; };
		627FF4B819C36DD600984C60 /* MapSearchTaskComponentViewController.m */ = {isa = PBXFileReference; fileEncoding = 4; lastKnownFileType = sourcecode.c.objc; path = MapSearchTaskComponentViewController.m; sourceTree = "<group>"; };
		627FF4B919C36DD600984C60 /* MapSearchTaskComponentViewController.xib */ = {isa = PBXFileReference; fileEncoding = 4; lastKnownFileType = file.xib; path = MapSearchTaskComponentViewController.xib; sourceTree = "<group>"; };
		627FF4BC19C4D6FC00984C60 /* TextTaskComponentViewController.h */ = {isa = PBXFileReference; fileEncoding = 4; lastKnownFileType = sourcecode.c.h; path = TextTaskComponentViewController.h; sourceTree = "<group>"; };
		627FF4BD19C4D6FC00984C60 /* TextTaskComponentViewController.m */ = {isa = PBXFileReference; fileEncoding = 4; lastKnownFileType = sourcecode.c.objc; path = TextTaskComponentViewController.m; sourceTree = "<group>"; };
		627FF4BE19C4D6FC00984C60 /* TextTaskComponentViewController.xib */ = {isa = PBXFileReference; fileEncoding = 4; lastKnownFileType = file.xib; path = TextTaskComponentViewController.xib; sourceTree = "<group>"; };
		627FF4C219C4E5AB00984C60 /* TaskComponentViewController.h */ = {isa = PBXFileReference; fileEncoding = 4; lastKnownFileType = sourcecode.c.h; path = TaskComponentViewController.h; sourceTree = "<group>"; };
		627FF4C319C4E5AB00984C60 /* TaskComponentViewController.m */ = {isa = PBXFileReference; fileEncoding = 4; lastKnownFileType = sourcecode.c.objc; path = TaskComponentViewController.m; sourceTree = "<group>"; };
		6295D6F519BC6AB500254B0E /* MapTaskProtocol.h */ = {isa = PBXFileReference; lastKnownFileType = sourcecode.c.h; path = MapTaskProtocol.h; sourceTree = "<group>"; };
		6295D6F619BC6C0B00254B0E /* UberTaskViewController.h */ = {isa = PBXFileReference; fileEncoding = 4; lastKnownFileType = sourcecode.c.h; path = UberTaskViewController.h; sourceTree = "<group>"; };
		6295D6F719BC6C0B00254B0E /* UberTaskViewController.m */ = {isa = PBXFileReference; fileEncoding = 4; lastKnownFileType = sourcecode.c.objc; path = UberTaskViewController.m; sourceTree = "<group>"; };
		6295D6F819BC6C0B00254B0E /* UberTaskViewController.xib */ = {isa = PBXFileReference; fileEncoding = 4; lastKnownFileType = file.xib; path = UberTaskViewController.xib; sourceTree = "<group>"; };
		6295D70019BC705300254B0E /* VenmoTaskViewController.h */ = {isa = PBXFileReference; fileEncoding = 4; lastKnownFileType = sourcecode.c.h; path = VenmoTaskViewController.h; sourceTree = "<group>"; };
		6295D70119BC705300254B0E /* VenmoTaskViewController.m */ = {isa = PBXFileReference; fileEncoding = 4; lastKnownFileType = sourcecode.c.objc; path = VenmoTaskViewController.m; sourceTree = "<group>"; };
		6295D70219BC705300254B0E /* VenmoTaskViewController.xib */ = {isa = PBXFileReference; fileEncoding = 4; lastKnownFileType = file.xib; path = VenmoTaskViewController.xib; sourceTree = "<group>"; };
		6295D70619BC718C00254B0E /* YelpTaskViewController.h */ = {isa = PBXFileReference; fileEncoding = 4; lastKnownFileType = sourcecode.c.h; path = YelpTaskViewController.h; sourceTree = "<group>"; };
		6295D70719BC718C00254B0E /* YelpTaskViewController.m */ = {isa = PBXFileReference; fileEncoding = 4; lastKnownFileType = sourcecode.c.objc; path = YelpTaskViewController.m; sourceTree = "<group>"; };
		6295D70819BC718C00254B0E /* YelpTaskViewController.xib */ = {isa = PBXFileReference; fileEncoding = 4; lastKnownFileType = file.xib; path = YelpTaskViewController.xib; sourceTree = "<group>"; };
		6295D70C19BC727500254B0E /* IMessageTaskViewController.h */ = {isa = PBXFileReference; fileEncoding = 4; lastKnownFileType = sourcecode.c.h; path = IMessageTaskViewController.h; sourceTree = "<group>"; };
		6295D70D19BC727500254B0E /* IMessageTaskViewController.m */ = {isa = PBXFileReference; fileEncoding = 4; lastKnownFileType = sourcecode.c.objc; path = IMessageTaskViewController.m; sourceTree = "<group>"; };
		6295D70E19BC727500254B0E /* IMessageTaskViewController.xib */ = {isa = PBXFileReference; fileEncoding = 4; lastKnownFileType = file.xib; path = IMessageTaskViewController.xib; sourceTree = "<group>"; };
		62B1349319BC0258009C784F /* GoogleMapsTaskViewController.xib */ = {isa = PBXFileReference; fileEncoding = 4; lastKnownFileType = file.xib; path = GoogleMapsTaskViewController.xib; sourceTree = "<group>"; };
		62B1349519BC0B49009C784F /* GoogleMapsTaskSearchViewController.h */ = {isa = PBXFileReference; fileEncoding = 4; lastKnownFileType = sourcecode.c.h; path = GoogleMapsTaskSearchViewController.h; sourceTree = "<group>"; };
		62B1349619BC0B49009C784F /* GoogleMapsTaskSearchViewController.m */ = {isa = PBXFileReference; fileEncoding = 4; lastKnownFileType = sourcecode.c.objc; path = GoogleMapsTaskSearchViewController.m; sourceTree = "<group>"; };
		62B1349719BC0B49009C784F /* GoogleMapsTaskSearchViewController.xib */ = {isa = PBXFileReference; fileEncoding = 4; lastKnownFileType = file.xib; path = GoogleMapsTaskSearchViewController.xib; sourceTree = "<group>"; };
		62B9262B19BBE3BB003A2533 /* CoreLocation.framework */ = {isa = PBXFileReference; lastKnownFileType = wrapper.framework; name = CoreLocation.framework; path = System/Library/Frameworks/CoreLocation.framework; sourceTree = SDKROOT; };
		62B9265219BBEB82003A2533 /* GoogleMapsTaskViewController.h */ = {isa = PBXFileReference; fileEncoding = 4; lastKnownFileType = sourcecode.c.h; path = GoogleMapsTaskViewController.h; sourceTree = "<group>"; };
		62B9265319BBEB82003A2533 /* GoogleMapsTaskViewController.m */ = {isa = PBXFileReference; fileEncoding = 4; lastKnownFileType = sourcecode.c.objc; path = GoogleMapsTaskViewController.m; sourceTree = "<group>"; };
		62C3C5D919BC9BD800469CF9 /* RdioTaskViewController.h */ = {isa = PBXFileReference; fileEncoding = 4; lastKnownFileType = sourcecode.c.h; path = RdioTaskViewController.h; sourceTree = "<group>"; };
		62C3C5DA19BC9BD800469CF9 /* RdioTaskViewController.m */ = {isa = PBXFileReference; fileEncoding = 4; lastKnownFileType = sourcecode.c.objc; path = RdioTaskViewController.m; sourceTree = "<group>"; };
		62C3C5DB19BC9BD800469CF9 /* RdioTaskViewController.xib */ = {isa = PBXFileReference; fileEncoding = 4; lastKnownFileType = file.xib; path = RdioTaskViewController.xib; sourceTree = "<group>"; };
		62C3C5DF19BC9BF200469CF9 /* FBTaskViewController.h */ = {isa = PBXFileReference; fileEncoding = 4; lastKnownFileType = sourcecode.c.h; path = FBTaskViewController.h; sourceTree = "<group>"; };
		62C3C5E019BC9BF200469CF9 /* FBTaskViewController.m */ = {isa = PBXFileReference; fileEncoding = 4; lastKnownFileType = sourcecode.c.objc; path = FBTaskViewController.m; sourceTree = "<group>"; };
		62C3C5E119BC9BF200469CF9 /* FBTaskViewController.xib */ = {isa = PBXFileReference; fileEncoding = 4; lastKnownFileType = file.xib; path = FBTaskViewController.xib; sourceTree = "<group>"; };
		62C3C5E519BC9C0D00469CF9 /* YoTaskViewController.h */ = {isa = PBXFileReference; fileEncoding = 4; lastKnownFileType = sourcecode.c.h; path = YoTaskViewController.h; sourceTree = "<group>"; };
		62C3C5E619BC9C0D00469CF9 /* YoTaskViewController.m */ = {isa = PBXFileReference; fileEncoding = 4; lastKnownFileType = sourcecode.c.objc; path = YoTaskViewController.m; sourceTree = "<group>"; };
		62C3C5E719BC9C0D00469CF9 /* YoTaskViewController.xib */ = {isa = PBXFileReference; fileEncoding = 4; lastKnownFileType = file.xib; path = YoTaskViewController.xib; sourceTree = "<group>"; };
		62C3C5F019BF674600469CF9 /* TaskViewControllerProtocol.h */ = {isa = PBXFileReference; lastKnownFileType = sourcecode.c.h; path = TaskViewControllerProtocol.h; sourceTree = "<group>"; };
		70B00AEE4C8E4CA7B5E228CF /* Pods-Nano.xcconfig */ = {isa = PBXFileReference; includeInIndex = 1; lastKnownFileType = text.xcconfig; name = "Pods-Nano.xcconfig"; path = "Pods/Pods-Nano.xcconfig"; sourceTree = "<group>"; };
		8567004219BBA98B007DA4BB /* Nano.app */ = {isa = PBXFileReference; explicitFileType = wrapper.application; includeInIndex = 0; path = Nano.app; sourceTree = BUILT_PRODUCTS_DIR; };
		8567004619BBA98D007DA4BB /* Info.plist */ = {isa = PBXFileReference; lastKnownFileType = text.plist.xml; path = Info.plist; sourceTree = "<group>"; };
		8567004719BBA98D007DA4BB /* main.m */ = {isa = PBXFileReference; lastKnownFileType = sourcecode.c.objc; path = main.m; sourceTree = "<group>"; };
		8567004919BBA98D007DA4BB /* AppDelegate.h */ = {isa = PBXFileReference; lastKnownFileType = sourcecode.c.h; path = AppDelegate.h; sourceTree = "<group>"; };
		8567004A19BBA98D007DA4BB /* AppDelegate.m */ = {isa = PBXFileReference; lastKnownFileType = sourcecode.c.objc; path = AppDelegate.m; sourceTree = "<group>"; };
		8567005219BBA98D007DA4BB /* Images.xcassets */ = {isa = PBXFileReference; lastKnownFileType = folder.assetcatalog; path = Images.xcassets; sourceTree = "<group>"; };
		8567005819BBA990007DA4BB /* NanoTests.xctest */ = {isa = PBXFileReference; explicitFileType = wrapper.cfbundle; includeInIndex = 0; path = NanoTests.xctest; sourceTree = BUILT_PRODUCTS_DIR; };
		8567005D19BBA991007DA4BB /* Info.plist */ = {isa = PBXFileReference; lastKnownFileType = text.plist.xml; path = Info.plist; sourceTree = "<group>"; };
		8567005E19BBA991007DA4BB /* NanoTests.m */ = {isa = PBXFileReference; lastKnownFileType = sourcecode.c.objc; path = NanoTests.m; sourceTree = "<group>"; };
		8567006C19BBADAB007DA4BB /* NanoTodayExtension.appex */ = {isa = PBXFileReference; explicitFileType = "wrapper.app-extension"; includeInIndex = 0; path = NanoTodayExtension.appex; sourceTree = BUILT_PRODUCTS_DIR; };
		8567006E19BBADAB007DA4BB /* NotificationCenter.framework */ = {isa = PBXFileReference; lastKnownFileType = wrapper.framework; name = NotificationCenter.framework; path = System/Library/Frameworks/NotificationCenter.framework; sourceTree = SDKROOT; };
		8567007219BBADAB007DA4BB /* Info.plist */ = {isa = PBXFileReference; lastKnownFileType = text.plist.xml; path = Info.plist; sourceTree = "<group>"; };
		8567007319BBADAB007DA4BB /* TodayViewController.h */ = {isa = PBXFileReference; lastKnownFileType = sourcecode.c.h; path = TodayViewController.h; sourceTree = "<group>"; };
		8567007419BBADAB007DA4BB /* TodayViewController.m */ = {isa = PBXFileReference; lastKnownFileType = sourcecode.c.objc; path = TodayViewController.m; sourceTree = "<group>"; };
		8567007619BBADAB007DA4BB /* MainInterface.storyboard */ = {isa = PBXFileReference; lastKnownFileType = file.storyboard; path = MainInterface.storyboard; sourceTree = "<group>"; };
		8567008119BBC1DF007DA4BB /* Nano.entitlements */ = {isa = PBXFileReference; lastKnownFileType = text.xml; path = Nano.entitlements; sourceTree = "<group>"; };
		8567008219BBC23B007DA4BB /* NanoTodayExtension.entitlements */ = {isa = PBXFileReference; lastKnownFileType = text.xml; path = NanoTodayExtension.entitlements; sourceTree = "<group>"; };
		85E6F21319BBF8FE00C79EE0 /* Shortcut.h */ = {isa = PBXFileReference; fileEncoding = 4; lastKnownFileType = sourcecode.c.h; name = Shortcut.h; path = NanoTodayExtension/Shortcut.h; sourceTree = SOURCE_ROOT; };
		85E6F21419BBF8FE00C79EE0 /* Shortcut.m */ = {isa = PBXFileReference; fileEncoding = 4; lastKnownFileType = sourcecode.c.objc; name = Shortcut.m; path = NanoTodayExtension/Shortcut.m; sourceTree = SOURCE_ROOT; };
		85E6F21719BC0E5E00C79EE0 /* fb.png */ = {isa = PBXFileReference; lastKnownFileType = image.png; path = fb.png; sourceTree = "<group>"; };
		85E6F21819BC0E5F00C79EE0 /* google.png */ = {isa = PBXFileReference; lastKnownFileType = image.png; path = google.png; sourceTree = "<group>"; };
		85E6F21919BC0E5F00C79EE0 /* imessage.png */ = {isa = PBXFileReference; lastKnownFileType = image.png; path = imessage.png; sourceTree = "<group>"; };
		85E6F21A19BC0E5F00C79EE0 /* screen-mock.png */ = {isa = PBXFileReference; lastKnownFileType = image.png; path = "screen-mock.png"; sourceTree = "<group>"; };
		85E6F21B19BC0E5F00C79EE0 /* venmo.png */ = {isa = PBXFileReference; lastKnownFileType = image.png; path = venmo.png; sourceTree = "<group>"; };
		85E6F21C19BC0E5F00C79EE0 /* yelp.png */ = {isa = PBXFileReference; lastKnownFileType = image.png; path = yelp.png; sourceTree = "<group>"; };
		85E6F22319BC274D00C79EE0 /* uber.png */ = {isa = PBXFileReference; lastKnownFileType = image.png; path = uber.png; sourceTree = "<group>"; };
		85E6F22519BC2FF800C79EE0 /* rdio.png */ = {isa = PBXFileReference; lastKnownFileType = image.png; path = rdio.png; sourceTree = "<group>"; };
		85E6F22719BC350C00C79EE0 /* ShortcutStore.h */ = {isa = PBXFileReference; fileEncoding = 4; lastKnownFileType = sourcecode.c.h; path = ShortcutStore.h; sourceTree = "<group>"; };
		85E6F22819BC350C00C79EE0 /* ShortcutStore.m */ = {isa = PBXFileReference; fileEncoding = 4; lastKnownFileType = sourcecode.c.objc; path = ShortcutStore.m; sourceTree = "<group>"; };
		C6A46FE8E9DC47DBAFB8076A /* libPods-Nano.a */ = {isa = PBXFileReference; explicitFileType = archive.ar; includeInIndex = 0; path = "libPods-Nano.a"; sourceTree = BUILT_PRODUCTS_DIR; };
		FFF5FDB0FC454816978E1BBB /* libPods-NanoTodayExtension.a */ = {isa = PBXFileReference; explicitFileType = archive.ar; includeInIndex = 0; path = "libPods-NanoTodayExtension.a"; sourceTree = BUILT_PRODUCTS_DIR; };
/* End PBXFileReference section */

/* Begin PBXFrameworksBuildPhase section */
		8567003F19BBA98A007DA4BB /* Frameworks */ = {
			isa = PBXFrameworksBuildPhase;
			buildActionMask = 2147483647;
			files = (
				627FF49919C2378E00984C60 /* AddressBookUI.framework in Frameworks */,
				627FF49719C2378800984C60 /* AddressBook.framework in Frameworks */,
				62B9263F19BBE543003A2533 /* CoreLocation.framework in Frameworks */,
				A09294EAF2334E88AB2A6626 /* libPods-Nano.a in Frameworks */,
			);
			runOnlyForDeploymentPostprocessing = 0;
		};
		8567005519BBA990007DA4BB /* Frameworks */ = {
			isa = PBXFrameworksBuildPhase;
			buildActionMask = 2147483647;
			files = (
			);
			runOnlyForDeploymentPostprocessing = 0;
		};
		8567006919BBADAB007DA4BB /* Frameworks */ = {
			isa = PBXFrameworksBuildPhase;
			buildActionMask = 2147483647;
			files = (
				8567006F19BBADAB007DA4BB /* NotificationCenter.framework in Frameworks */,
				5C93182BF5254FD8B508E08C /* libPods-NanoTodayExtension.a in Frameworks */,
			);
			runOnlyForDeploymentPostprocessing = 0;
		};
/* End PBXFrameworksBuildPhase section */

/* Begin PBXGroup section */
		627FF49F19C2469200984C60 /* Contact */ = {
			isa = PBXGroup;
			children = (
				627FF49A19C2468A00984C60 /* ContactTaskComponentViewController.h */,
				627FF49B19C2468A00984C60 /* ContactTaskComponentViewController.m */,
				627FF49C19C2468A00984C60 /* ContactTaskComponentViewController.xib */,
			);
			name = Contact;
			sourceTree = "<group>";
		};
		627FF4A019C2475100984C60 /* Task Components */ = {
			isa = PBXGroup;
			children = (
				627FF4C219C4E5AB00984C60 /* TaskComponentViewController.h */,
				627FF4C319C4E5AB00984C60 /* TaskComponentViewController.m */,
				627FF49F19C2469200984C60 /* Contact */,
				627FF4A619C24F8F00984C60 /* Map Search */,
				627FF4AC19C25FA100984C60 /* Map Options */,
				627FF4C119C4D70100984C60 /* Text */,
			);
			name = "Task Components";
			sourceTree = "<group>";
		};
		627FF4A619C24F8F00984C60 /* Map Search */ = {
			isa = PBXGroup;
			children = (
				627FF4B719C36DD600984C60 /* MapSearchTaskComponentViewController.h */,
				627FF4B819C36DD600984C60 /* MapSearchTaskComponentViewController.m */,
				627FF4B919C36DD600984C60 /* MapSearchTaskComponentViewController.xib */,
			);
			name = "Map Search";
			sourceTree = "<group>";
		};
		627FF4AC19C25FA100984C60 /* Map Options */ = {
			isa = PBXGroup;
			children = (
				627FF4A719C25F9D00984C60 /* MapOptionsTaskComponentViewController.h */,
				627FF4A819C25F9D00984C60 /* MapOptionsTaskComponentViewController.m */,
				627FF4A919C25F9D00984C60 /* MapOptionsTaskComponentViewController.xib */,
			);
			name = "Map Options";
			sourceTree = "<group>";
		};
		627FF4B619C35CC100984C60 /* Old files */ = {
			isa = PBXGroup;
			children = (
				62C3C5F019BF674600469CF9 /* TaskViewControllerProtocol.h */,
				6295D6FD19BC6FC900254B0E /* Google */,
				62B9265219BBEB82003A2533 /* GoogleMapsTaskViewController.h */,
				62B9265319BBEB82003A2533 /* GoogleMapsTaskViewController.m */,
				62B1349319BC0258009C784F /* GoogleMapsTaskViewController.xib */,
				6295D6FC19BC6FC100254B0E /* Uber */,
				6295D70519BC705700254B0E /* Venmo */,
				6295D70B19BC719000254B0E /* Yelp */,
				6295D70619BC718C00254B0E /* YelpTaskViewController.h */,
				6295D70719BC718C00254B0E /* YelpTaskViewController.m */,
				6295D70819BC718C00254B0E /* YelpTaskViewController.xib */,
				6295D71119BC727B00254B0E /* iMessage */,
				6295D70C19BC727500254B0E /* IMessageTaskViewController.h */,
				6295D70D19BC727500254B0E /* IMessageTaskViewController.m */,
				6295D70E19BC727500254B0E /* IMessageTaskViewController.xib */,
				62C3C5DE19BC9BDC00469CF9 /* Rdio */,
				62C3C5E419BC9BF600469CF9 /* FB */,
				62C3C5EA19BC9C1000469CF9 /* Yo */,
			);
			name = "Old files";
			sourceTree = "<group>";
		};
		627FF4C119C4D70100984C60 /* Text */ = {
			isa = PBXGroup;
			children = (
				627FF4BC19C4D6FC00984C60 /* TextTaskComponentViewController.h */,
				627FF4BD19C4D6FC00984C60 /* TextTaskComponentViewController.m */,
				627FF4BE19C4D6FC00984C60 /* TextTaskComponentViewController.xib */,
			);
			name = Text;
			sourceTree = "<group>";
		};
		6295D6FB19BC6FA700254B0E /* Map Search */ = {
			isa = PBXGroup;
			children = (
				62B1349519BC0B49009C784F /* GoogleMapsTaskSearchViewController.h */,
				62B1349619BC0B49009C784F /* GoogleMapsTaskSearchViewController.m */,
				62B1349719BC0B49009C784F /* GoogleMapsTaskSearchViewController.xib */,
				6295D6F519BC6AB500254B0E /* MapTaskProtocol.h */,
			);
			name = "Map Search";
			sourceTree = "<group>";
		};
		6295D6FC19BC6FC100254B0E /* Uber */ = {
			isa = PBXGroup;
			children = (
				6295D6F619BC6C0B00254B0E /* UberTaskViewController.h */,
				6295D6F719BC6C0B00254B0E /* UberTaskViewController.m */,
				6295D6F819BC6C0B00254B0E /* UberTaskViewController.xib */,
			);
			name = Uber;
			sourceTree = "<group>";
		};
		6295D6FD19BC6FC900254B0E /* Google */ = {
			isa = PBXGroup;
			children = (
			);
			name = Google;
			sourceTree = "<group>";
		};
		6295D6FE19BC6FDC00254B0E /* Create Task */ = {
			isa = PBXGroup;
			children = (
				620B23DE19BC25B4004B4804 /* CreateTaskViewController.h */,
				620B23DF19BC25B4004B4804 /* CreateTaskViewController.m */,
				620B23E019BC25B4004B4804 /* CreateTaskViewController.xib */,
			);
			name = "Create Task";
			sourceTree = "<group>";
		};
		6295D6FF19BC6FF800254B0E /* Shortcut */ = {
			isa = PBXGroup;
			children = (
				85E6F21319BBF8FE00C79EE0 /* Shortcut.h */,
				85E6F21419BBF8FE00C79EE0 /* Shortcut.m */,
				85E6F22719BC350C00C79EE0 /* ShortcutStore.h */,
				85E6F22819BC350C00C79EE0 /* ShortcutStore.m */,
			);
			name = Shortcut;
			sourceTree = "<group>";
		};
		6295D70519BC705700254B0E /* Venmo */ = {
			isa = PBXGroup;
			children = (
				6295D70019BC705300254B0E /* VenmoTaskViewController.h */,
				6295D70119BC705300254B0E /* VenmoTaskViewController.m */,
				6295D70219BC705300254B0E /* VenmoTaskViewController.xib */,
			);
			name = Venmo;
			sourceTree = "<group>";
		};
		6295D70B19BC719000254B0E /* Yelp */ = {
			isa = PBXGroup;
			children = (
			);
			name = Yelp;
			sourceTree = "<group>";
		};
		6295D71119BC727B00254B0E /* iMessage */ = {
			isa = PBXGroup;
			children = (
			);
			name = iMessage;
			sourceTree = "<group>";
		};
		62C3C5DE19BC9BDC00469CF9 /* Rdio */ = {
			isa = PBXGroup;
			children = (
				62C3C5D919BC9BD800469CF9 /* RdioTaskViewController.h */,
				62C3C5DA19BC9BD800469CF9 /* RdioTaskViewController.m */,
				62C3C5DB19BC9BD800469CF9 /* RdioTaskViewController.xib */,
			);
			name = Rdio;
			sourceTree = "<group>";
		};
		62C3C5E419BC9BF600469CF9 /* FB */ = {
			isa = PBXGroup;
			children = (
				62C3C5DF19BC9BF200469CF9 /* FBTaskViewController.h */,
				62C3C5E019BC9BF200469CF9 /* FBTaskViewController.m */,
				62C3C5E119BC9BF200469CF9 /* FBTaskViewController.xib */,
			);
			name = FB;
			sourceTree = "<group>";
		};
		62C3C5EA19BC9C1000469CF9 /* Yo */ = {
			isa = PBXGroup;
			children = (
				62C3C5E519BC9C0D00469CF9 /* YoTaskViewController.h */,
				62C3C5E619BC9C0D00469CF9 /* YoTaskViewController.m */,
				62C3C5E719BC9C0D00469CF9 /* YoTaskViewController.xib */,
			);
			name = Yo;
			sourceTree = "<group>";
		};
		62C3C5EF19BEADE600469CF9 /* Tasks */ = {
			isa = PBXGroup;
			children = (
				627FF4AD19C262F700984C60 /* TaskViewController.h */,
				627FF4AE19C262F700984C60 /* TaskViewController.m */,
				627FF4AF19C262F700984C60 /* TaskViewController.xib */,
				627FF4B219C3435C00984C60 /* Tasks.plist */,
				627FF4A019C2475100984C60 /* Task Components */,
			);
			name = Tasks;
			sourceTree = "<group>";
		};
		8567003919BBA988007DA4BB = {
			isa = PBXGroup;
			children = (
				8567004419BBA98B007DA4BB /* Nano */,
				8567005B19BBA991007DA4BB /* NanoTests */,
				8567007019BBADAB007DA4BB /* NanoTodayExtension */,
				8567006D19BBADAB007DA4BB /* Frameworks */,
				8567004319BBA98B007DA4BB /* Products */,
				70B00AEE4C8E4CA7B5E228CF /* Pods-Nano.xcconfig */,
				3D85E6916D3443EFBBC17F81 /* Pods-NanoTodayExtension.xcconfig */,
			);
			sourceTree = "<group>";
		};
		8567004319BBA98B007DA4BB /* Products */ = {
			isa = PBXGroup;
			children = (
				8567004219BBA98B007DA4BB /* Nano.app */,
				8567005819BBA990007DA4BB /* NanoTests.xctest */,
				8567006C19BBADAB007DA4BB /* NanoTodayExtension.appex */,
			);
			name = Products;
			sourceTree = "<group>";
		};
		8567004419BBA98B007DA4BB /* Nano */ = {
			isa = PBXGroup;
			children = (
				6295D6FE19BC6FDC00254B0E /* Create Task */,
				62C3C5EF19BEADE600469CF9 /* Tasks */,
				6295D6FF19BC6FF800254B0E /* Shortcut */,
				6295D6FB19BC6FA700254B0E /* Map Search */,
				627FF4B619C35CC100984C60 /* Old files */,
				8567004519BBA98C007DA4BB /* Supporting Files */,
			);
			path = Nano;
			sourceTree = "<group>";
		};
		8567004519BBA98C007DA4BB /* Supporting Files */ = {
			isa = PBXGroup;
			children = (
				8567004919BBA98D007DA4BB /* AppDelegate.h */,
				8567004A19BBA98D007DA4BB /* AppDelegate.m */,
				8567005219BBA98D007DA4BB /* Images.xcassets */,
				8567008119BBC1DF007DA4BB /* Nano.entitlements */,
				8567004619BBA98D007DA4BB /* Info.plist */,
				8567004719BBA98D007DA4BB /* main.m */,
			);
			name = "Supporting Files";
			sourceTree = "<group>";
		};
		8567005B19BBA991007DA4BB /* NanoTests */ = {
			isa = PBXGroup;
			children = (
				8567005E19BBA991007DA4BB /* NanoTests.m */,
				8567005C19BBA991007DA4BB /* Supporting Files */,
			);
			path = NanoTests;
			sourceTree = "<group>";
		};
		8567005C19BBA991007DA4BB /* Supporting Files */ = {
			isa = PBXGroup;
			children = (
				8567005D19BBA991007DA4BB /* Info.plist */,
			);
			name = "Supporting Files";
			sourceTree = "<group>";
		};
		8567006D19BBADAB007DA4BB /* Frameworks */ = {
			isa = PBXGroup;
			children = (
				627FF49819C2378E00984C60 /* AddressBookUI.framework */,
				627FF49619C2378800984C60 /* AddressBook.framework */,
				62B9262B19BBE3BB003A2533 /* CoreLocation.framework */,
				8567006E19BBADAB007DA4BB /* NotificationCenter.framework */,
				C6A46FE8E9DC47DBAFB8076A /* libPods-Nano.a */,
				FFF5FDB0FC454816978E1BBB /* libPods-NanoTodayExtension.a */,
			);
			name = Frameworks;
			sourceTree = "<group>";
		};
		8567007019BBADAB007DA4BB /* NanoTodayExtension */ = {
			isa = PBXGroup;
			children = (
				85E6F21619BC0E4300C79EE0 /* Resources */,
				8567008219BBC23B007DA4BB /* NanoTodayExtension.entitlements */,
				8567007319BBADAB007DA4BB /* TodayViewController.h */,
				8567007419BBADAB007DA4BB /* TodayViewController.m */,
				8567007619BBADAB007DA4BB /* MainInterface.storyboard */,
				8567007119BBADAB007DA4BB /* Supporting Files */,
				0028C3ED19BC6CB100DBD230 /* Yop.h */,
				0028C3EE19BC6CD200DBD230 /* Yop.m */,
			);
			path = NanoTodayExtension;
			sourceTree = "<group>";
		};
		8567007119BBADAB007DA4BB /* Supporting Files */ = {
			isa = PBXGroup;
			children = (
				8567007219BBADAB007DA4BB /* Info.plist */,
			);
			name = "Supporting Files";
			sourceTree = "<group>";
		};
		85E6F21619BC0E4300C79EE0 /* Resources */ = {
			isa = PBXGroup;
			children = (
				0028C3F419BC776600DBD230 /* yo.png */,
				85E6F22519BC2FF800C79EE0 /* rdio.png */,
				85E6F22319BC274D00C79EE0 /* uber.png */,
				85E6F21719BC0E5E00C79EE0 /* fb.png */,
				85E6F21819BC0E5F00C79EE0 /* google.png */,
				85E6F21919BC0E5F00C79EE0 /* imessage.png */,
				85E6F21A19BC0E5F00C79EE0 /* screen-mock.png */,
				85E6F21B19BC0E5F00C79EE0 /* venmo.png */,
				85E6F21C19BC0E5F00C79EE0 /* yelp.png */,
			);
			name = Resources;
			sourceTree = "<group>";
		};
/* End PBXGroup section */

/* Begin PBXNativeTarget section */
		8567004119BBA98A007DA4BB /* Nano */ = {
			isa = PBXNativeTarget;
			buildConfigurationList = 8567006219BBA991007DA4BB /* Build configuration list for PBXNativeTarget "Nano" */;
			buildPhases = (
				EFAEFD9CC14C4E5DBBD8215C /* Check Pods Manifest.lock */,
				8567003E19BBA98A007DA4BB /* Sources */,
				8567003F19BBA98A007DA4BB /* Frameworks */,
				8567004019BBA98A007DA4BB /* Resources */,
				8567008019BBADAB007DA4BB /* Embed App Extensions */,
				2137648E2FD7475DB141CC69 /* Copy Pods Resources */,
			);
			buildRules = (
			);
			dependencies = (
				8567007919BBADAB007DA4BB /* PBXTargetDependency */,
				8567007C19BBADAB007DA4BB /* PBXTargetDependency */,
			);
			name = Nano;
			productName = Nano;
			productReference = 8567004219BBA98B007DA4BB /* Nano.app */;
			productType = "com.apple.product-type.application";
		};
		8567005719BBA990007DA4BB /* NanoTests */ = {
			isa = PBXNativeTarget;
			buildConfigurationList = 8567006519BBA991007DA4BB /* Build configuration list for PBXNativeTarget "NanoTests" */;
			buildPhases = (
				8567005419BBA990007DA4BB /* Sources */,
				8567005519BBA990007DA4BB /* Frameworks */,
				8567005619BBA990007DA4BB /* Resources */,
			);
			buildRules = (
			);
			dependencies = (
				8567005A19BBA991007DA4BB /* PBXTargetDependency */,
			);
			name = NanoTests;
			productName = NanoTests;
			productReference = 8567005819BBA990007DA4BB /* NanoTests.xctest */;
			productType = "com.apple.product-type.bundle.unit-test";
		};
		8567006B19BBADAB007DA4BB /* NanoTodayExtension */ = {
			isa = PBXNativeTarget;
			buildConfigurationList = 8567007D19BBADAB007DA4BB /* Build configuration list for PBXNativeTarget "NanoTodayExtension" */;
			buildPhases = (
				FA62D3676ACB4FF790042E11 /* Check Pods Manifest.lock */,
				8567006819BBADAB007DA4BB /* Sources */,
				8567006919BBADAB007DA4BB /* Frameworks */,
				8567006A19BBADAB007DA4BB /* Resources */,
				3495A546AC54425E86A10D61 /* Copy Pods Resources */,
			);
			buildRules = (
			);
			dependencies = (
			);
			name = NanoTodayExtension;
			productName = NanoTodayExtension;
			productReference = 8567006C19BBADAB007DA4BB /* NanoTodayExtension.appex */;
			productType = "com.apple.product-type.app-extension";
		};
/* End PBXNativeTarget section */

/* Begin PBXProject section */
		8567003A19BBA989007DA4BB /* Project object */ = {
			isa = PBXProject;
			attributes = {
				LastUpgradeCheck = 0600;
				ORGANIZATIONNAME = Lauer;
				TargetAttributes = {
					8567004119BBA98A007DA4BB = {
						CreatedOnToolsVersion = 6.0;
						DevelopmentTeam = 72T3Q958NX;
						SystemCapabilities = {
							com.apple.ApplicationGroups.iOS = {
								enabled = 1;
							};
						};
					};
					8567005719BBA990007DA4BB = {
						CreatedOnToolsVersion = 6.0;
						TestTargetID = 8567004119BBA98A007DA4BB;
					};
					8567006B19BBADAB007DA4BB = {
						CreatedOnToolsVersion = 6.0;
						DevelopmentTeam = 72T3Q958NX;
						SystemCapabilities = {
							com.apple.ApplicationGroups.iOS = {
								enabled = 1;
							};
						};
					};
				};
			};
			buildConfigurationList = 8567003D19BBA989007DA4BB /* Build configuration list for PBXProject "Nano" */;
			compatibilityVersion = "Xcode 3.2";
			developmentRegion = English;
			hasScannedForEncodings = 0;
			knownRegions = (
				en,
				Base,
			);
			mainGroup = 8567003919BBA988007DA4BB;
			productRefGroup = 8567004319BBA98B007DA4BB /* Products */;
			projectDirPath = "";
			projectRoot = "";
			targets = (
				8567004119BBA98A007DA4BB /* Nano */,
				8567005719BBA990007DA4BB /* NanoTests */,
				8567006B19BBADAB007DA4BB /* NanoTodayExtension */,
			);
		};
/* End PBXProject section */

/* Begin PBXResourcesBuildPhase section */
		8567004019BBA98A007DA4BB /* Resources */ = {
			isa = PBXResourcesBuildPhase;
			buildActionMask = 2147483647;
			files = (
				627FF4B119C262F700984C60 /* TaskViewController.xib in Resources */,
				62B1349419BC0258009C784F /* GoogleMapsTaskViewController.xib in Resources */,
				8567005319BBA98D007DA4BB /* Images.xcassets in Resources */,
				627FF4BB19C36DD600984C60 /* MapSearchTaskComponentViewController.xib in Resources */,
				6295D6FA19BC6C0B00254B0E /* UberTaskViewController.xib in Resources */,
				6295D70A19BC718C00254B0E /* YelpTaskViewController.xib in Resources */,
				6295D70419BC705300254B0E /* VenmoTaskViewController.xib in Resources */,
				627FF4AB19C25F9D00984C60 /* MapOptionsTaskComponentViewController.xib in Resources */,
				627FF4C019C4D6FC00984C60 /* TextTaskComponentViewController.xib in Resources */,
				62B1349919BC0B49009C784F /* GoogleMapsTaskSearchViewController.xib in Resources */,
				620B23E219BC25B4004B4804 /* CreateTaskViewController.xib in Resources */,
				62C3C5DD19BC9BD800469CF9 /* RdioTaskViewController.xib in Resources */,
				6295D71019BC727500254B0E /* IMessageTaskViewController.xib in Resources */,
				627FF4B319C3435C00984C60 /* Tasks.plist in Resources */,
				62C3C5E919BC9C0D00469CF9 /* YoTaskViewController.xib in Resources */,
				627FF49E19C2468A00984C60 /* ContactTaskComponentViewController.xib in Resources */,
				62C3C5E319BC9BF200469CF9 /* FBTaskViewController.xib in Resources */,
			);
			runOnlyForDeploymentPostprocessing = 0;
		};
		8567005619BBA990007DA4BB /* Resources */ = {
			isa = PBXResourcesBuildPhase;
			buildActionMask = 2147483647;
			files = (
			);
			runOnlyForDeploymentPostprocessing = 0;
		};
		8567006A19BBADAB007DA4BB /* Resources */ = {
			isa = PBXResourcesBuildPhase;
			buildActionMask = 2147483647;
			files = (
				8567007719BBADAB007DA4BB /* MainInterface.storyboard in Resources */,
				85E6F22419BC274D00C79EE0 /* uber.png in Resources */,
				85E6F22619BC2FF800C79EE0 /* rdio.png in Resources */,
				0028C3F519BC776600DBD230 /* yo.png in Resources */,
				85E6F22219BC0E5F00C79EE0 /* yelp.png in Resources */,
				85E6F22119BC0E5F00C79EE0 /* venmo.png in Resources */,
				85E6F21F19BC0E5F00C79EE0 /* imessage.png in Resources */,
				85E6F21E19BC0E5F00C79EE0 /* google.png in Resources */,
				85E6F21D19BC0E5F00C79EE0 /* fb.png in Resources */,
				85E6F22019BC0E5F00C79EE0 /* screen-mock.png in Resources */,
			);
			runOnlyForDeploymentPostprocessing = 0;
		};
/* End PBXResourcesBuildPhase section */

/* Begin PBXShellScriptBuildPhase section */
		2137648E2FD7475DB141CC69 /* Copy Pods Resources */ = {
			isa = PBXShellScriptBuildPhase;
			buildActionMask = 2147483647;
			files = (
			);
			inputPaths = (
			);
			name = "Copy Pods Resources";
			outputPaths = (
			);
			runOnlyForDeploymentPostprocessing = 0;
			shellPath = /bin/sh;
			shellScript = "\"${SRCROOT}/Pods/Pods-Nano-resources.sh\"\n";
			showEnvVarsInLog = 0;
		};
		3495A546AC54425E86A10D61 /* Copy Pods Resources */ = {
			isa = PBXShellScriptBuildPhase;
			buildActionMask = 2147483647;
			files = (
			);
			inputPaths = (
			);
			name = "Copy Pods Resources";
			outputPaths = (
			);
			runOnlyForDeploymentPostprocessing = 0;
			shellPath = /bin/sh;
			shellScript = "\"${SRCROOT}/Pods/Pods-NanoTodayExtension-resources.sh\"\n";
			showEnvVarsInLog = 0;
		};
		EFAEFD9CC14C4E5DBBD8215C /* Check Pods Manifest.lock */ = {
			isa = PBXShellScriptBuildPhase;
			buildActionMask = 2147483647;
			files = (
			);
			inputPaths = (
			);
			name = "Check Pods Manifest.lock";
			outputPaths = (
			);
			runOnlyForDeploymentPostprocessing = 0;
			shellPath = /bin/sh;
			shellScript = "diff \"${PODS_ROOT}/../Podfile.lock\" \"${PODS_ROOT}/Manifest.lock\" > /dev/null\nif [[ $? != 0 ]] ; then\n    cat << EOM\nerror: The sandbox is not in sync with the Podfile.lock. Run 'pod install' or update your CocoaPods installation.\nEOM\n    exit 1\nfi\n";
			showEnvVarsInLog = 0;
		};
		FA62D3676ACB4FF790042E11 /* Check Pods Manifest.lock */ = {
			isa = PBXShellScriptBuildPhase;
			buildActionMask = 2147483647;
			files = (
			);
			inputPaths = (
			);
			name = "Check Pods Manifest.lock";
			outputPaths = (
			);
			runOnlyForDeploymentPostprocessing = 0;
			shellPath = /bin/sh;
			shellScript = "diff \"${PODS_ROOT}/../Podfile.lock\" \"${PODS_ROOT}/Manifest.lock\" > /dev/null\nif [[ $? != 0 ]] ; then\n    cat << EOM\nerror: The sandbox is not in sync with the Podfile.lock. Run 'pod install' or update your CocoaPods installation.\nEOM\n    exit 1\nfi\n";
			showEnvVarsInLog = 0;
		};
/* End PBXShellScriptBuildPhase section */

/* Begin PBXSourcesBuildPhase section */
		8567003E19BBA98A007DA4BB /* Sources */ = {
			isa = PBXSourcesBuildPhase;
			buildActionMask = 2147483647;
			files = (
				627FF4BA19C36DD600984C60 /* MapSearchTaskComponentViewController.m in Sources */,
				627FF4C419C4E5AB00984C60 /* TaskComponentViewController.m in Sources */,
				620B23E119BC25B4004B4804 /* CreateTaskViewController.m in Sources */,
				627FF49D19C2468A00984C60 /* ContactTaskComponentViewController.m in Sources */,
				627FF4AA19C25F9D00984C60 /* MapOptionsTaskComponentViewController.m in Sources */,
				62B9265419BBEB82003A2533 /* GoogleMapsTaskViewController.m in Sources */,
				6295D6F919BC6C0B00254B0E /* UberTaskViewController.m in Sources */,
				62C3C5E819BC9C0D00469CF9 /* YoTaskViewController.m in Sources */,
				62C3C5DC19BC9BD800469CF9 /* RdioTaskViewController.m in Sources */,
				627FF4BF19C4D6FC00984C60 /* TextTaskComponentViewController.m in Sources */,
				6295D70919BC718C00254B0E /* YelpTaskViewController.m in Sources */,
				62B1349819BC0B49009C784F /* GoogleMapsTaskSearchViewController.m in Sources */,
				6295D70F19BC727500254B0E /* IMessageTaskViewController.m in Sources */,
				85E6F22919BC350C00C79EE0 /* ShortcutStore.m in Sources */,
				8567004B19BBA98D007DA4BB /* AppDelegate.m in Sources */,
				62C3C5E219BC9BF200469CF9 /* FBTaskViewController.m in Sources */,
				6295D70319BC705300254B0E /* VenmoTaskViewController.m in Sources */,
				627FF4B019C262F700984C60 /* TaskViewController.m in Sources */,
				85E6F22A19BC367400C79EE0 /* Shortcut.m in Sources */,
				8567004819BBA98D007DA4BB /* main.m in Sources */,
			);
			runOnlyForDeploymentPostprocessing = 0;
		};
		8567005419BBA990007DA4BB /* Sources */ = {
			isa = PBXSourcesBuildPhase;
			buildActionMask = 2147483647;
			files = (
				8567005F19BBA991007DA4BB /* NanoTests.m in Sources */,
			);
			runOnlyForDeploymentPostprocessing = 0;
		};
		8567006819BBADAB007DA4BB /* Sources */ = {
			isa = PBXSourcesBuildPhase;
			buildActionMask = 2147483647;
			files = (
				0028C3EF19BC6CD200DBD230 /* Yop.m in Sources */,
				8567007519BBADAB007DA4BB /* TodayViewController.m in Sources */,
				85E6F21519BBF8FE00C79EE0 /* Shortcut.m in Sources */,
			);
			runOnlyForDeploymentPostprocessing = 0;
		};
/* End PBXSourcesBuildPhase section */

/* Begin PBXTargetDependency section */
		8567005A19BBA991007DA4BB /* PBXTargetDependency */ = {
			isa = PBXTargetDependency;
			target = 8567004119BBA98A007DA4BB /* Nano */;
			targetProxy = 8567005919BBA991007DA4BB /* PBXContainerItemProxy */;
		};
		8567007919BBADAB007DA4BB /* PBXTargetDependency */ = {
			isa = PBXTargetDependency;
			target = 8567006B19BBADAB007DA4BB /* NanoTodayExtension */;
			targetProxy = 8567007819BBADAB007DA4BB /* PBXContainerItemProxy */;
		};
		8567007C19BBADAB007DA4BB /* PBXTargetDependency */ = {
			isa = PBXTargetDependency;
			target = 8567006B19BBADAB007DA4BB /* NanoTodayExtension */;
			targetProxy = 8567007B19BBADAB007DA4BB /* PBXContainerItemProxy */;
		};
/* End PBXTargetDependency section */

/* Begin XCBuildConfiguration section */
		8567006019BBA991007DA4BB /* Debug */ = {
			isa = XCBuildConfiguration;
			buildSettings = {
				ALWAYS_SEARCH_USER_PATHS = NO;
				CLANG_CXX_LANGUAGE_STANDARD = "gnu++0x";
				CLANG_CXX_LIBRARY = "libc++";
				CLANG_ENABLE_MODULES = YES;
				CLANG_ENABLE_OBJC_ARC = YES;
				CLANG_WARN_BOOL_CONVERSION = YES;
				CLANG_WARN_CONSTANT_CONVERSION = YES;
				CLANG_WARN_DIRECT_OBJC_ISA_USAGE = YES_ERROR;
				CLANG_WARN_EMPTY_BODY = YES;
				CLANG_WARN_ENUM_CONVERSION = YES;
				CLANG_WARN_INT_CONVERSION = YES;
				CLANG_WARN_OBJC_ROOT_CLASS = YES_ERROR;
				CLANG_WARN_UNREACHABLE_CODE = YES;
				CLANG_WARN__DUPLICATE_METHOD_MATCH = YES;
				"CODE_SIGN_IDENTITY[sdk=iphoneos*]" = "iPhone Developer";
				COPY_PHASE_STRIP = NO;
				ENABLE_STRICT_OBJC_MSGSEND = YES;
				GCC_C_LANGUAGE_STANDARD = gnu99;
				GCC_DYNAMIC_NO_PIC = NO;
				GCC_OPTIMIZATION_LEVEL = 0;
				GCC_PREPROCESSOR_DEFINITIONS = (
					"DEBUG=1",
					"$(inherited)",
				);
				GCC_SYMBOLS_PRIVATE_EXTERN = NO;
				GCC_WARN_64_TO_32_BIT_CONVERSION = YES;
				GCC_WARN_ABOUT_RETURN_TYPE = YES_ERROR;
				GCC_WARN_UNDECLARED_SELECTOR = YES;
				GCC_WARN_UNINITIALIZED_AUTOS = YES_AGGRESSIVE;
				GCC_WARN_UNUSED_FUNCTION = YES;
				GCC_WARN_UNUSED_VARIABLE = YES;
				IPHONEOS_DEPLOYMENT_TARGET = 8.0;
				MTL_ENABLE_DEBUG_INFO = YES;
				ONLY_ACTIVE_ARCH = YES;
				SDKROOT = iphoneos;
			};
			name = Debug;
		};
		8567006119BBA991007DA4BB /* Release */ = {
			isa = XCBuildConfiguration;
			buildSettings = {
				ALWAYS_SEARCH_USER_PATHS = NO;
				CLANG_CXX_LANGUAGE_STANDARD = "gnu++0x";
				CLANG_CXX_LIBRARY = "libc++";
				CLANG_ENABLE_MODULES = YES;
				CLANG_ENABLE_OBJC_ARC = YES;
				CLANG_WARN_BOOL_CONVERSION = YES;
				CLANG_WARN_CONSTANT_CONVERSION = YES;
				CLANG_WARN_DIRECT_OBJC_ISA_USAGE = YES_ERROR;
				CLANG_WARN_EMPTY_BODY = YES;
				CLANG_WARN_ENUM_CONVERSION = YES;
				CLANG_WARN_INT_CONVERSION = YES;
				CLANG_WARN_OBJC_ROOT_CLASS = YES_ERROR;
				CLANG_WARN_UNREACHABLE_CODE = YES;
				CLANG_WARN__DUPLICATE_METHOD_MATCH = YES;
				"CODE_SIGN_IDENTITY[sdk=iphoneos*]" = "iPhone Developer";
				COPY_PHASE_STRIP = YES;
				ENABLE_NS_ASSERTIONS = NO;
				ENABLE_STRICT_OBJC_MSGSEND = YES;
				GCC_C_LANGUAGE_STANDARD = gnu99;
				GCC_WARN_64_TO_32_BIT_CONVERSION = YES;
				GCC_WARN_ABOUT_RETURN_TYPE = YES_ERROR;
				GCC_WARN_UNDECLARED_SELECTOR = YES;
				GCC_WARN_UNINITIALIZED_AUTOS = YES_AGGRESSIVE;
				GCC_WARN_UNUSED_FUNCTION = YES;
				GCC_WARN_UNUSED_VARIABLE = YES;
				IPHONEOS_DEPLOYMENT_TARGET = 8.0;
				MTL_ENABLE_DEBUG_INFO = NO;
				SDKROOT = iphoneos;
				VALIDATE_PRODUCT = YES;
			};
			name = Release;
		};
		8567006319BBA991007DA4BB /* Debug */ = {
			isa = XCBuildConfiguration;
			baseConfigurationReference = 70B00AEE4C8E4CA7B5E228CF /* Pods-Nano.xcconfig */;
			buildSettings = {
				ASSETCATALOG_COMPILER_APPICON_NAME = AppIcon;
				ASSETCATALOG_COMPILER_LAUNCHIMAGE_NAME = LaunchImage;
				CODE_SIGN_ENTITLEMENTS = Nano/Nano.entitlements;
				CODE_SIGN_IDENTITY = "iPhone Developer";
				"CODE_SIGN_IDENTITY[sdk=iphoneos*]" = "iPhone Developer";
				FRAMEWORK_SEARCH_PATHS = (
					"$(inherited)",
					"$(PROJECT_DIR)",
				);
				INFOPLIST_FILE = Nano/Info.plist;
				LD_RUNPATH_SEARCH_PATHS = "$(inherited) @executable_path/Frameworks";
				PRODUCT_NAME = "$(TARGET_NAME)";
				PROVISIONING_PROFILE = "";
			};
			name = Debug;
		};
		8567006419BBA991007DA4BB /* Release */ = {
			isa = XCBuildConfiguration;
			baseConfigurationReference = 70B00AEE4C8E4CA7B5E228CF /* Pods-Nano.xcconfig */;
			buildSettings = {
				ASSETCATALOG_COMPILER_APPICON_NAME = AppIcon;
				ASSETCATALOG_COMPILER_LAUNCHIMAGE_NAME = LaunchImage;
				CODE_SIGN_ENTITLEMENTS = Nano/Nano.entitlements;
				CODE_SIGN_IDENTITY = "iPhone Developer";
				"CODE_SIGN_IDENTITY[sdk=iphoneos*]" = "iPhone Developer";
				FRAMEWORK_SEARCH_PATHS = (
					"$(inherited)",
					"$(PROJECT_DIR)",
				);
				INFOPLIST_FILE = Nano/Info.plist;
				LD_RUNPATH_SEARCH_PATHS = "$(inherited) @executable_path/Frameworks";
				PRODUCT_NAME = "$(TARGET_NAME)";
				PROVISIONING_PROFILE = "";
			};
			name = Release;
		};
		8567006619BBA991007DA4BB /* Debug */ = {
			isa = XCBuildConfiguration;
			buildSettings = {
				BUNDLE_LOADER = "$(TEST_HOST)";
				FRAMEWORK_SEARCH_PATHS = (
					"$(SDKROOT)/Developer/Library/Frameworks",
					"$(inherited)",
				);
				GCC_PREPROCESSOR_DEFINITIONS = (
					"DEBUG=1",
					"$(inherited)",
				);
				INFOPLIST_FILE = NanoTests/Info.plist;
				LD_RUNPATH_SEARCH_PATHS = "$(inherited) @executable_path/Frameworks @loader_path/Frameworks";
				PRODUCT_NAME = "$(TARGET_NAME)";
				TEST_HOST = "$(BUILT_PRODUCTS_DIR)/Nano.app/Nano";
			};
			name = Debug;
		};
		8567006719BBA991007DA4BB /* Release */ = {
			isa = XCBuildConfiguration;
			buildSettings = {
				BUNDLE_LOADER = "$(TEST_HOST)";
				FRAMEWORK_SEARCH_PATHS = (
					"$(SDKROOT)/Developer/Library/Frameworks",
					"$(inherited)",
				);
				INFOPLIST_FILE = NanoTests/Info.plist;
				LD_RUNPATH_SEARCH_PATHS = "$(inherited) @executable_path/Frameworks @loader_path/Frameworks";
				PRODUCT_NAME = "$(TARGET_NAME)";
				TEST_HOST = "$(BUILT_PRODUCTS_DIR)/Nano.app/Nano";
			};
			name = Release;
		};
		8567007E19BBADAB007DA4BB /* Debug */ = {
			isa = XCBuildConfiguration;
			baseConfigurationReference = 3D85E6916D3443EFBBC17F81 /* Pods-NanoTodayExtension.xcconfig */;
			buildSettings = {
				CODE_SIGN_ENTITLEMENTS = NanoTodayExtension/NanoTodayExtension.entitlements;
				CODE_SIGN_IDENTITY = "iPhone Developer";
				"CODE_SIGN_IDENTITY[sdk=iphoneos*]" = "iPhone Developer";
				GCC_PREPROCESSOR_DEFINITIONS = (
					"DEBUG=1",
					"$(inherited)",
				);
				INFOPLIST_FILE = NanoTodayExtension/Info.plist;
				LD_RUNPATH_SEARCH_PATHS = "$(inherited) @executable_path/Frameworks @executable_path/../../Frameworks";
				PRODUCT_NAME = "$(TARGET_NAME)";
				PROVISIONING_PROFILE = "";
				SKIP_INSTALL = YES;
			};
			name = Debug;
		};
		8567007F19BBADAB007DA4BB /* Release */ = {
			isa = XCBuildConfiguration;
			baseConfigurationReference = 3D85E6916D3443EFBBC17F81 /* Pods-NanoTodayExtension.xcconfig */;
			buildSettings = {
				CODE_SIGN_ENTITLEMENTS = NanoTodayExtension/NanoTodayExtension.entitlements;
				CODE_SIGN_IDENTITY = "iPhone Developer";
				"CODE_SIGN_IDENTITY[sdk=iphoneos*]" = "iPhone Developer";
				INFOPLIST_FILE = NanoTodayExtension/Info.plist;
				LD_RUNPATH_SEARCH_PATHS = "$(inherited) @executable_path/Frameworks @executable_path/../../Frameworks";
				PRODUCT_NAME = "$(TARGET_NAME)";
				PROVISIONING_PROFILE = "";
				SKIP_INSTALL = YES;
			};
			name = Release;
		};
/* End XCBuildConfiguration section */

/* Begin XCConfigurationList section */
		8567003D19BBA989007DA4BB /* Build configuration list for PBXProject "Nano" */ = {
			isa = XCConfigurationList;
			buildConfigurations = (
				8567006019BBA991007DA4BB /* Debug */,
				8567006119BBA991007DA4BB /* Release */,
			);
			defaultConfigurationIsVisible = 0;
			defaultConfigurationName = Release;
		};
		8567006219BBA991007DA4BB /* Build configuration list for PBXNativeTarget "Nano" */ = {
			isa = XCConfigurationList;
			buildConfigurations = (
				8567006319BBA991007DA4BB /* Debug */,
				8567006419BBA991007DA4BB /* Release */,
			);
			defaultConfigurationIsVisible = 0;
			defaultConfigurationName = Release;
		};
		8567006519BBA991007DA4BB /* Build configuration list for PBXNativeTarget "NanoTests" */ = {
			isa = XCConfigurationList;
			buildConfigurations = (
				8567006619BBA991007DA4BB /* Debug */,
				8567006719BBA991007DA4BB /* Release */,
			);
			defaultConfigurationIsVisible = 0;
			defaultConfigurationName = Release;
		};
		8567007D19BBADAB007DA4BB /* Build configuration list for PBXNativeTarget "NanoTodayExtension" */ = {
			isa = XCConfigurationList;
			buildConfigurations = (
				8567007E19BBADAB007DA4BB /* Debug */,
				8567007F19BBADAB007DA4BB /* Release */,
			);
			defaultConfigurationIsVisible = 0;
			defaultConfigurationName = Release;
		};
/* End XCConfigurationList section */
	};
	rootObject = 8567003A19BBA989007DA4BB /* Project object */;
}
